
Microsoft Visual Studio Solution File, Format Version 12.00
# Visual Studio Version 16
VisualStudioVersion = 16.0.31025.194
MinimumVisualStudioVersion = 10.0.40219.1
Project("{FAE04EC0-301F-11D3-BF4B-00C04F79EFBC}") = "primerparcial", "primerparcial\primerparcial.csproj", "{4BC2EF42-918A-406B-96CA-52876C1F4ECF}"
EndProject
Global
	GlobalSection(SolutionConfigurationPlatforms) = preSolution
		Debug|Any CPU = Debug|Any CPU
		Release|Any CPU = Release|Any CPU
	EndGlobalSection
	GlobalSection(ProjectConfigurationPlatforms) = postSolution
		{4BC2EF42-918A-406B-96CA-52876C1F4ECF}.Debug|Any CPU.ActiveCfg = Debug|Any CPU
		{4BC2EF42-918A-406B-96CA-52876C1F4ECF}.Debug|Any CPU.Build.0 = Debug|Any CPU
		{4BC2EF42-918A-406B-96CA-52876C1F4ECF}.Release|Any CPU.ActiveCfg = Release|Any CPU
		{4BC2EF42-918A-406B-96CA-52876C1F4ECF}.Release|Any CPU.Build.0 = Release|Any CPU
	EndGlobalSection
	GlobalSection(SolutionProperties) = preSolution
		HideSolutionNode = FALSE
	EndGlobalSection
	GlobalSection(ExtensibilityGlobals) = postSolution
		SolutionGuid = {B233E845-900F-47E7-A58C-47F4489B3548}
	EndGlobalSection
EndGlobal
